
Microsoft Visual Studio Solution File, Format Version 12.00
# Visual Studio 14
VisualStudioVersion = 14.0.24720.0
MinimumVisualStudioVersion = 10.0.40219.1
Project("{8BC9CEB8-8B4A-11D0-8D11-00A0C91BC942}") = "EasingCurves", "EasingCurves\EasingCurves.vcxproj", "{9439D47A-8B6C-4A26-A2F4-1F7A6E40090A}"
EndProject
Project("{8BC9CEB8-8B4A-11D0-8D11-00A0C91BC942}") = "EasingCurvesTests", "EasingCurvesTests\EasingCurvesTests.vcxproj", "{E4055EA7-DD69-46E9-A0A8-E4C2EAC86DC8}"
EndProject
Global
	GlobalSection(SolutionConfigurationPlatforms) = preSolution
		Debug|x64 = Debug|x64
		Debug|x86 = Debug|x86
		Release|x64 = Release|x64
		Release|x86 = Release|x86
	EndGlobalSection
	GlobalSection(ProjectConfigurationPlatforms) = postSolution
		{9439D47A-8B6C-4A26-A2F4-1F7A6E40090A}.Debug|x64.ActiveCfg = Debug|x64
		{9439D47A-8B6C-4A26-A2F4-1F7A6E40090A}.Debug|x64.Build.0 = Debug|x64
		{9439D47A-8B6C-4A26-A2F4-1F7A6E40090A}.Debug|x86.ActiveCfg = Debug|Win32
		{9439D47A-8B6C-4A26-A2F4-1F7A6E40090A}.Debug|x86.Build.0 = Debug|Win32
		{9439D47A-8B6C-4A26-A2F4-1F7A6E40090A}.Release|x64.ActiveCfg = Release|x64
		{9439D47A-8B6C-4A26-A2F4-1F7A6E40090A}.Release|x64.Build.0 = Release|x64
		{9439D47A-8B6C-4A26-A2F4-1F7A6E40090A}.Release|x86.ActiveCfg = Release|Win32
		{9439D47A-8B6C-4A26-A2F4-1F7A6E40090A}.Release|x86.Build.0 = Release|Win32
		{E4055EA7-DD69-46E9-A0A8-E4C2EAC86DC8}.Debug|x64.ActiveCfg = Debug|x64
		{E4055EA7-DD69-46E9-A0A8-E4C2EAC86DC8}.Debug|x64.Build.0 = Debug|x64
		{E4055EA7-DD69-46E9-A0A8-E4C2EAC86DC8}.Debug|x86.ActiveCfg = Debug|Win32
		{E4055EA7-DD69-46E9-A0A8-E4C2EAC86DC8}.Debug|x86.Build.0 = Debug|Win32
		{E4055EA7-DD69-46E9-A0A8-E4C2EAC86DC8}.Release|x64.ActiveCfg = Release|x64
		{E4055EA7-DD69-46E9-A0A8-E4C2EAC86DC8}.Release|x64.Build.0 = Release|x64
		{E4055EA7-DD69-46E9-A0A8-E4C2EAC86DC8}.Release|x86.ActiveCfg = Release|Win32
		{E4055EA7-DD69-46E9-A0A8-E4C2EAC86DC8}.Release|x86.Build.0 = Release|Win32
	EndGlobalSection
	GlobalSection(SolutionProperties) = preSolution
		HideSolutionNode = FALSE
	EndGlobalSection
EndGlobal
